
Microsoft Visual Studio Solution File, Format Version 12.00
# Visual Studio 15
VisualStudioVersion = 15.0.26124.0
MinimumVisualStudioVersion = 15.0.26124.0
Project("{FAE04EC0-301F-11D3-BF4B-00C04F79EFBC}") = "AdventOfCode2018.Tests", "Solutions\2018\AdventOfCode2018.Tests\AdventOfCode2018.Tests.csproj", "{B57158C5-9EF1-4E54-BE80-FC7F62744A40}"
EndProject
Project("{FAE04EC0-301F-11D3-BF4B-00C04F79EFBC}") = "AdventOfCode.Console", "AdventOfCode.Console\AdventOfCode.Console.csproj", "{09A1F931-EF2E-450D-91D0-0463F40C556C}"
EndProject
Project("{2150E333-8FDC-42A3-9474-1A3956D46DE8}") = "Solutions", "Solutions", "{5B8C84C3-C5A9-4B75-8F07-17DA9706597C}"
EndProject
Project("{2150E333-8FDC-42A3-9474-1A3956D46DE8}") = "2017", "2017", "{8DC13A9F-935D-49DD-B7F2-9EB3D8C4070F}"
EndProject
Project("{FAE04EC0-301F-11D3-BF4B-00C04F79EFBC}") = "AdventOfCode2017", "Solutions\2017\AdventOfCode2017\AdventOfCode2017.csproj", "{7D809442-C05C-485B-8386-3853925ED35D}"
EndProject
Project("{2150E333-8FDC-42A3-9474-1A3956D46DE8}") = "2018", "2018", "{920847DA-6262-42D1-B1A5-99736DAD5437}"
EndProject
Project("{FAE04EC0-301F-11D3-BF4B-00C04F79EFBC}") = "AdventOfCode2018", "Solutions\2018\AdventOfCode2018\AdventOfCode2018.csproj", "{DCB02821-B25E-4E1B-9DC9-FED69E1C25F5}"
EndProject
Project("{FAE04EC0-301F-11D3-BF4B-00C04F79EFBC}") = "AdventOfCode2017.Tests", "Solutions\2017\AdventOfCode2017.Tests\AdventOfCode2017.Tests.csproj", "{3DBD8C6E-D29A-4C4C-BE4B-71A3939DEBC1}"
EndProject
Project("{2150E333-8FDC-42A3-9474-1A3956D46DE8}") = "2016", "2016", "{604D4142-8CCB-4332-A078-98110C0D75FE}"
EndProject
Project("{FAE04EC0-301F-11D3-BF4B-00C04F79EFBC}") = "AdventOfCode2016", "Solutions\2016\AdventOfCode2016\AdventOfCode2016.csproj", "{DAA73902-B189-4CE4-A5F6-98101685E950}"
EndProject
Project("{FAE04EC0-301F-11D3-BF4B-00C04F79EFBC}") = "AdventOfCode2016.Tests", "Solutions\2016\AdventOfCode2016.Tests\AdventOfCode2016.Tests.csproj", "{3B6ABCA4-8B61-4EBC-A265-0309BC850946}"
EndProject
Global
	GlobalSection(SolutionConfigurationPlatforms) = preSolution
		Debug|Any CPU = Debug|Any CPU
		Debug|x64 = Debug|x64
		Debug|x86 = Debug|x86
		Release|Any CPU = Release|Any CPU
		Release|x64 = Release|x64
		Release|x86 = Release|x86
	EndGlobalSection
	GlobalSection(SolutionProperties) = preSolution
		HideSolutionNode = FALSE
	EndGlobalSection
	GlobalSection(ProjectConfigurationPlatforms) = postSolution
		{B57158C5-9EF1-4E54-BE80-FC7F62744A40}.Debug|Any CPU.ActiveCfg = Debug|Any CPU
		{B57158C5-9EF1-4E54-BE80-FC7F62744A40}.Debug|Any CPU.Build.0 = Debug|Any CPU
		{B57158C5-9EF1-4E54-BE80-FC7F62744A40}.Debug|x64.ActiveCfg = Debug|Any CPU
		{B57158C5-9EF1-4E54-BE80-FC7F62744A40}.Debug|x64.Build.0 = Debug|Any CPU
		{B57158C5-9EF1-4E54-BE80-FC7F62744A40}.Debug|x86.ActiveCfg = Debug|Any CPU
		{B57158C5-9EF1-4E54-BE80-FC7F62744A40}.Debug|x86.Build.0 = Debug|Any CPU
		{B57158C5-9EF1-4E54-BE80-FC7F62744A40}.Release|Any CPU.ActiveCfg = Release|Any CPU
		{B57158C5-9EF1-4E54-BE80-FC7F62744A40}.Release|Any CPU.Build.0 = Release|Any CPU
		{B57158C5-9EF1-4E54-BE80-FC7F62744A40}.Release|x64.ActiveCfg = Release|Any CPU
		{B57158C5-9EF1-4E54-BE80-FC7F62744A40}.Release|x64.Build.0 = Release|Any CPU
		{B57158C5-9EF1-4E54-BE80-FC7F62744A40}.Release|x86.ActiveCfg = Release|Any CPU
		{B57158C5-9EF1-4E54-BE80-FC7F62744A40}.Release|x86.Build.0 = Release|Any CPU
		{09A1F931-EF2E-450D-91D0-0463F40C556C}.Debug|Any CPU.ActiveCfg = Debug|Any CPU
		{09A1F931-EF2E-450D-91D0-0463F40C556C}.Debug|Any CPU.Build.0 = Debug|Any CPU
		{09A1F931-EF2E-450D-91D0-0463F40C556C}.Debug|x64.ActiveCfg = Debug|Any CPU
		{09A1F931-EF2E-450D-91D0-0463F40C556C}.Debug|x64.Build.0 = Debug|Any CPU
		{09A1F931-EF2E-450D-91D0-0463F40C556C}.Debug|x86.ActiveCfg = Debug|Any CPU
		{09A1F931-EF2E-450D-91D0-0463F40C556C}.Debug|x86.Build.0 = Debug|Any CPU
		{09A1F931-EF2E-450D-91D0-0463F40C556C}.Release|Any CPU.ActiveCfg = Release|Any CPU
		{09A1F931-EF2E-450D-91D0-0463F40C556C}.Release|Any CPU.Build.0 = Release|Any CPU
		{09A1F931-EF2E-450D-91D0-0463F40C556C}.Release|x64.ActiveCfg = Release|Any CPU
		{09A1F931-EF2E-450D-91D0-0463F40C556C}.Release|x64.Build.0 = Release|Any CPU
		{09A1F931-EF2E-450D-91D0-0463F40C556C}.Release|x86.ActiveCfg = Release|Any CPU
		{09A1F931-EF2E-450D-91D0-0463F40C556C}.Release|x86.Build.0 = Release|Any CPU
		{7D809442-C05C-485B-8386-3853925ED35D}.Debug|Any CPU.ActiveCfg = Debug|Any CPU
		{7D809442-C05C-485B-8386-3853925ED35D}.Debug|Any CPU.Build.0 = Debug|Any CPU
		{7D809442-C05C-485B-8386-3853925ED35D}.Debug|x64.ActiveCfg = Debug|Any CPU
		{7D809442-C05C-485B-8386-3853925ED35D}.Debug|x64.Build.0 = Debug|Any CPU
		{7D809442-C05C-485B-8386-3853925ED35D}.Debug|x86.ActiveCfg = Debug|Any CPU
		{7D809442-C05C-485B-8386-3853925ED35D}.Debug|x86.Build.0 = Debug|Any CPU
		{7D809442-C05C-485B-8386-3853925ED35D}.Release|Any CPU.ActiveCfg = Release|Any CPU
		{7D809442-C05C-485B-8386-3853925ED35D}.Release|Any CPU.Build.0 = Release|Any CPU
		{7D809442-C05C-485B-8386-3853925ED35D}.Release|x64.ActiveCfg = Release|Any CPU
		{7D809442-C05C-485B-8386-3853925ED35D}.Release|x64.Build.0 = Release|Any CPU
		{7D809442-C05C-485B-8386-3853925ED35D}.Release|x86.ActiveCfg = Release|Any CPU
		{7D809442-C05C-485B-8386-3853925ED35D}.Release|x86.Build.0 = Release|Any CPU
		{DCB02821-B25E-4E1B-9DC9-FED69E1C25F5}.Debug|Any CPU.ActiveCfg = Debug|Any CPU
		{DCB02821-B25E-4E1B-9DC9-FED69E1C25F5}.Debug|Any CPU.Build.0 = Debug|Any CPU
		{DCB02821-B25E-4E1B-9DC9-FED69E1C25F5}.Debug|x64.ActiveCfg = Debug|Any CPU
		{DCB02821-B25E-4E1B-9DC9-FED69E1C25F5}.Debug|x64.Build.0 = Debug|Any CPU
		{DCB02821-B25E-4E1B-9DC9-FED69E1C25F5}.Debug|x86.ActiveCfg = Debug|Any CPU
		{DCB02821-B25E-4E1B-9DC9-FED69E1C25F5}.Debug|x86.Build.0 = Debug|Any CPU
		{DCB02821-B25E-4E1B-9DC9-FED69E1C25F5}.Release|Any CPU.ActiveCfg = Release|Any CPU
		{DCB02821-B25E-4E1B-9DC9-FED69E1C25F5}.Release|Any CPU.Build.0 = Release|Any CPU
		{DCB02821-B25E-4E1B-9DC9-FED69E1C25F5}.Release|x64.ActiveCfg = Release|Any CPU
		{DCB02821-B25E-4E1B-9DC9-FED69E1C25F5}.Release|x64.Build.0 = Release|Any CPU
		{DCB02821-B25E-4E1B-9DC9-FED69E1C25F5}.Release|x86.ActiveCfg = Release|Any CPU
		{DCB02821-B25E-4E1B-9DC9-FED69E1C25F5}.Release|x86.Build.0 = Release|Any CPU
		{3DBD8C6E-D29A-4C4C-BE4B-71A3939DEBC1}.Debug|Any CPU.ActiveCfg = Debug|Any CPU
		{3DBD8C6E-D29A-4C4C-BE4B-71A3939DEBC1}.Debug|Any CPU.Build.0 = Debug|Any CPU
		{3DBD8C6E-D29A-4C4C-BE4B-71A3939DEBC1}.Debug|x64.ActiveCfg = Debug|Any CPU
		{3DBD8C6E-D29A-4C4C-BE4B-71A3939DEBC1}.Debug|x64.Build.0 = Debug|Any CPU
		{3DBD8C6E-D29A-4C4C-BE4B-71A3939DEBC1}.Debug|x86.ActiveCfg = Debug|Any CPU
		{3DBD8C6E-D29A-4C4C-BE4B-71A3939DEBC1}.Debug|x86.Build.0 = Debug|Any CPU
		{3DBD8C6E-D29A-4C4C-BE4B-71A3939DEBC1}.Release|Any CPU.ActiveCfg = Release|Any CPU
		{3DBD8C6E-D29A-4C4C-BE4B-71A3939DEBC1}.Release|Any CPU.Build.0 = Release|Any CPU
		{3DBD8C6E-D29A-4C4C-BE4B-71A3939DEBC1}.Release|x64.ActiveCfg = Release|Any CPU
		{3DBD8C6E-D29A-4C4C-BE4B-71A3939DEBC1}.Release|x64.Build.0 = Release|Any CPU
		{3DBD8C6E-D29A-4C4C-BE4B-71A3939DEBC1}.Release|x86.ActiveCfg = Release|Any CPU
		{3DBD8C6E-D29A-4C4C-BE4B-71A3939DEBC1}.Release|x86.Build.0 = Release|Any CPU
		{DAA73902-B189-4CE4-A5F6-98101685E950}.Debug|Any CPU.ActiveCfg = Debug|Any CPU
		{DAA73902-B189-4CE4-A5F6-98101685E950}.Debug|Any CPU.Build.0 = Debug|Any CPU
		{DAA73902-B189-4CE4-A5F6-98101685E950}.Debug|x64.ActiveCfg = Debug|Any CPU
		{DAA73902-B189-4CE4-A5F6-98101685E950}.Debug|x64.Build.0 = Debug|Any CPU
		{DAA73902-B189-4CE4-A5F6-98101685E950}.Debug|x86.ActiveCfg = Debug|Any CPU
		{DAA73902-B189-4CE4-A5F6-98101685E950}.Debug|x86.Build.0 = Debug|Any CPU
		{DAA73902-B189-4CE4-A5F6-98101685E950}.Release|Any CPU.ActiveCfg = Release|Any CPU
		{DAA73902-B189-4CE4-A5F6-98101685E950}.Release|Any CPU.Build.0 = Release|Any CPU
		{DAA73902-B189-4CE4-A5F6-98101685E950}.Release|x64.ActiveCfg = Release|Any CPU
		{DAA73902-B189-4CE4-A5F6-98101685E950}.Release|x64.Build.0 = Release|Any CPU
		{DAA73902-B189-4CE4-A5F6-98101685E950}.Release|x86.ActiveCfg = Release|Any CPU
		{DAA73902-B189-4CE4-A5F6-98101685E950}.Release|x86.Build.0 = Release|Any CPU
		{3B6ABCA4-8B61-4EBC-A265-0309BC850946}.Debug|Any CPU.ActiveCfg = Debug|Any CPU
		{3B6ABCA4-8B61-4EBC-A265-0309BC850946}.Debug|Any CPU.Build.0 = Debug|Any CPU
		{3B6ABCA4-8B61-4EBC-A265-0309BC850946}.Debug|x64.ActiveCfg = Debug|Any CPU
		{3B6ABCA4-8B61-4EBC-A265-0309BC850946}.Debug|x64.Build.0 = Debug|Any CPU
		{3B6ABCA4-8B61-4EBC-A265-0309BC850946}.Debug|x86.ActiveCfg = Debug|Any CPU
		{3B6ABCA4-8B61-4EBC-A265-0309BC850946}.Debug|x86.Build.0 = Debug|Any CPU
		{3B6ABCA4-8B61-4EBC-A265-0309BC850946}.Release|Any CPU.ActiveCfg = Release|Any CPU
		{3B6ABCA4-8B61-4EBC-A265-0309BC850946}.Release|Any CPU.Build.0 = Release|Any CPU
		{3B6ABCA4-8B61-4EBC-A265-0309BC850946}.Release|x64.ActiveCfg = Release|Any CPU
		{3B6ABCA4-8B61-4EBC-A265-0309BC850946}.Release|x64.Build.0 = Release|Any CPU
		{3B6ABCA4-8B61-4EBC-A265-0309BC850946}.Release|x86.ActiveCfg = Release|Any CPU
		{3B6ABCA4-8B61-4EBC-A265-0309BC850946}.Release|x86.Build.0 = Release|Any CPU
	EndGlobalSection
	GlobalSection(NestedProjects) = preSolution
		{8DC13A9F-935D-49DD-B7F2-9EB3D8C4070F} = {5B8C84C3-C5A9-4B75-8F07-17DA9706597C}
		{7D809442-C05C-485B-8386-3853925ED35D} = {8DC13A9F-935D-49DD-B7F2-9EB3D8C4070F}
		{920847DA-6262-42D1-B1A5-99736DAD5437} = {5B8C84C3-C5A9-4B75-8F07-17DA9706597C}
		{DCB02821-B25E-4E1B-9DC9-FED69E1C25F5} = {920847DA-6262-42D1-B1A5-99736DAD5437}
		{3DBD8C6E-D29A-4C4C-BE4B-71A3939DEBC1} = {8DC13A9F-935D-49DD-B7F2-9EB3D8C4070F}
		{604D4142-8CCB-4332-A078-98110C0D75FE} = {5B8C84C3-C5A9-4B75-8F07-17DA9706597C}
		{DAA73902-B189-4CE4-A5F6-98101685E950} = {604D4142-8CCB-4332-A078-98110C0D75FE}
		{3B6ABCA4-8B61-4EBC-A265-0309BC850946} = {604D4142-8CCB-4332-A078-98110C0D75FE}
	EndGlobalSection
EndGlobal
